// !$*UTF8*$!
{
	archiveVersion = 1;
	classes = {
	};
	objectVersion = 46;
	objects = {

/* Begin PBXBuildFile section */
		52618F3621A261B7001B96E9 /* Security.framework in Frameworks */ = {isa = PBXBuildFile; fileRef = 52618F3521A261B7001B96E9 /* Security.framework */; };
		52618F3821A26266001B96E9 /* libsqlite3.0.tbd in Frameworks */ = {isa = PBXBuildFile; fileRef = 52618F3721A26266001B96E9 /* libsqlite3.0.tbd */; };
		52618F4321A28EAB001B96E9 /* WechatPayService.swift in Sources */ = {isa = PBXBuildFile; fileRef = 52618F4221A28EAB001B96E9 /* WechatPayService.swift */; };
		5261905321A46447001B96E9 /* WKScriptMsgHandler.swift in Sources */ = {isa = PBXBuildFile; fileRef = 5261905221A46447001B96E9 /* WKScriptMsgHandler.swift */; };
		526190F721A65D57001B96E9 /* README.txt in Resources */ = {isa = PBXBuildFile; fileRef = 526190F221A65D57001B96E9 /* README.txt */; };
		526190F821A65D57001B96E9 /* libWeChatSDK.a in Frameworks */ = {isa = PBXBuildFile; fileRef = 526190F421A65D57001B96E9 /* libWeChatSDK.a */; };
		526190F921A65D57001B96E9 /* WechatExecutor.swift in Sources */ = {isa = PBXBuildFile; fileRef = 526190F521A65D57001B96E9 /* WechatExecutor.swift */; };
		526190FA21A65D57001B96E9 /* WXApiManager.swift in Sources */ = {isa = PBXBuildFile; fileRef = 526190F621A65D57001B96E9 /* WXApiManager.swift */; };
		526190FD21A65DF0001B96E9 /* AlipayExecutor.swift in Sources */ = {isa = PBXBuildFile; fileRef = 526190FC21A65DF0001B96E9 /* AlipayExecutor.swift */; };
		5261910021A6812B001B96E9 /* AlipaySDK.framework in Frameworks */ = {isa = PBXBuildFile; fileRef = 526190FE21A6812B001B96E9 /* AlipaySDK.framework */; };
		5261910121A6812B001B96E9 /* AlipaySDK.bundle in Resources */ = {isa = PBXBuildFile; fileRef = 526190FF21A6812B001B96E9 /* AlipaySDK.bundle */; };
		5275F8912179B51C007248AB /* libc++.tbd in Frameworks */ = {isa = PBXBuildFile; fileRef = 5275F8902179B51C007248AB /* libc++.tbd */; };
		5275F8932179B529007248AB /* libz.tbd in Frameworks */ = {isa = PBXBuildFile; fileRef = 5275F8922179B528007248AB /* libz.tbd */; };
		5275F8952179B531007248AB /* SystemConfiguration.framework in Frameworks */ = {isa = PBXBuildFile; fileRef = 5275F8942179B531007248AB /* SystemConfiguration.framework */; };
		5275F8972179B53D007248AB /* CoreTelephony.framework in Frameworks */ = {isa = PBXBuildFile; fileRef = 5275F8962179B53D007248AB /* CoreTelephony.framework */; };
		5275F8992179B549007248AB /* QuartzCore.framework in Frameworks */ = {isa = PBXBuildFile; fileRef = 5275F8982179B549007248AB /* QuartzCore.framework */; };
		5275F89B2179B54E007248AB /* CoreText.framework in Frameworks */ = {isa = PBXBuildFile; fileRef = 5275F89A2179B54E007248AB /* CoreText.framework */; };
		5275F89D2179B557007248AB /* CoreGraphics.framework in Frameworks */ = {isa = PBXBuildFile; fileRef = 5275F89C2179B557007248AB /* CoreGraphics.framework */; };
		5275F89F2179B560007248AB /* UIKit.framework in Frameworks */ = {isa = PBXBuildFile; fileRef = 5275F89E2179B560007248AB /* UIKit.framework */; };
		5275F8A12179B569007248AB /* Foundation.framework in Frameworks */ = {isa = PBXBuildFile; fileRef = 5275F8A02179B569007248AB /* Foundation.framework */; };
		5275F8A32179B573007248AB /* CFNetwork.framework in Frameworks */ = {isa = PBXBuildFile; fileRef = 5275F8A22179B573007248AB /* CFNetwork.framework */; };
		5275F8A52179B57C007248AB /* CoreMotion.framework in Frameworks */ = {isa = PBXBuildFile; fileRef = 5275F8A42179B57C007248AB /* CoreMotion.framework */; };
		5275F90E2179C53B007248AB /* OrderPlace.swift in Sources */ = {isa = PBXBuildFile; fileRef = 5275F8FF2179C53A007248AB /* OrderPlace.swift */; };
		5275F9102179C53B007248AB /* ConfigService.swift in Sources */ = {isa = PBXBuildFile; fileRef = 5275F9012179C53A007248AB /* ConfigService.swift */; };
		5275F9122179C53B007248AB /* AlipayService.swift in Sources */ = {isa = PBXBuildFile; fileRef = 5275F9042179C53A007248AB /* AlipayService.swift */; };
		5275F9132179C53B007248AB /* ScannerService.swift in Sources */ = {isa = PBXBuildFile; fileRef = 5275F9062179C53A007248AB /* ScannerService.swift */; };
		5275F9142179C53B007248AB /* GpsService.swift in Sources */ = {isa = PBXBuildFile; fileRef = 5275F9072179C53A007248AB /* GpsService.swift */; };
		5275F9152179C53B007248AB /* CallbackHandler.swift in Sources */ = {isa = PBXBuildFile; fileRef = 5275F9082179C53A007248AB /* CallbackHandler.swift */; };
		5275F9162179C53B007248AB /* ScannerViewController.swift in Sources */ = {isa = PBXBuildFile; fileRef = 5275F9092179C53A007248AB /* ScannerViewController.swift */; };
		5275F9172179C53B007248AB /* OrderPlaceService.swift in Sources */ = {isa = PBXBuildFile; fileRef = 5275F90A2179C53A007248AB /* OrderPlaceService.swift */; };
		5275F9192179C53B007248AB /* OrderPlaceStoryboard.storyboard in Resources */ = {isa = PBXBuildFile; fileRef = 5275F90D2179C53A007248AB /* OrderPlaceStoryboard.storyboard */; };
		52C0B6882181B1BD007A4BE2 /* OrderViewController.swift in Sources */ = {isa = PBXBuildFile; fileRef = 5275F9002179C53A007248AB /* OrderViewController.swift */; };
		52F8410521ABD75600579EE4 /* ApplepayService.swift in Sources */ = {isa = PBXBuildFile; fileRef = 52F8410421ABD75600579EE4 /* ApplepayService.swift */; };
		607FACD61AFB9204008FA782 /* AppDelegate.swift in Sources */ = {isa = PBXBuildFile; fileRef = 607FACD51AFB9204008FA782 /* AppDelegate.swift */; };
		607FACD81AFB9204008FA782 /* ViewController.swift in Sources */ = {isa = PBXBuildFile; fileRef = 607FACD71AFB9204008FA782 /* ViewController.swift */; };
		607FACDB1AFB9204008FA782 /* Main.storyboard in Resources */ = {isa = PBXBuildFile; fileRef = 607FACD91AFB9204008FA782 /* Main.storyboard */; };
		607FACDD1AFB9204008FA782 /* Images.xcassets in Resources */ = {isa = PBXBuildFile; fileRef = 607FACDC1AFB9204008FA782 /* Images.xcassets */; };
		607FACE01AFB9204008FA782 /* LaunchScreen.xib in Resources */ = {isa = PBXBuildFile; fileRef = 607FACDE1AFB9204008FA782 /* LaunchScreen.xib */; };
		679C40D1A9E0C6FB0684C540 /* Pods_OrderPlaceSdk_Example.framework in Frameworks */ = {isa = PBXBuildFile; fileRef = 1F2C946932A321B168E6B681 /* Pods_OrderPlaceSdk_Example.framework */; };
		F3F609EFA07A41D0DD81C4A3 /* Pods_OrderPlaceSdk_Tests.framework in Frameworks */ = {isa = PBXBuildFile; fileRef = BF92C9F466A64E51E7BD7D83 /* Pods_OrderPlaceSdk_Tests.framework */; };
/* End PBXBuildFile section */

/* Begin PBXContainerItemProxy section */
		607FACE61AFB9204008FA782 /* PBXContainerItemProxy */ = {
			isa = PBXContainerItemProxy;
			containerPortal = 607FACC81AFB9204008FA782 /* Project object */;
			proxyType = 1;
			remoteGlobalIDString = 607FACCF1AFB9204008FA782;
			remoteInfo = OrderPlaceSdk;
		};
/* End PBXContainerItemProxy section */

/* Begin PBXFileReference section */
		050486A825AED2C4BBD9DD4E /* LICENSE */ = {isa = PBXFileReference; includeInIndex = 1; lastKnownFileType = text; name = LICENSE; path = ../LICENSE; sourceTree = "<group>"; };
		1F2C946932A321B168E6B681 /* Pods_OrderPlaceSdk_Example.framework */ = {isa = PBXFileReference; explicitFileType = wrapper.framework; includeInIndex = 0; path = Pods_OrderPlaceSdk_Example.framework; sourceTree = BUILT_PRODUCTS_DIR; };
		52618F3521A261B7001B96E9 /* Security.framework */ = {isa = PBXFileReference; lastKnownFileType = wrapper.framework; name = Security.framework; path = System/Library/Frameworks/Security.framework; sourceTree = SDKROOT; };
		52618F3721A26266001B96E9 /* libsqlite3.0.tbd */ = {isa = PBXFileReference; lastKnownFileType = "sourcecode.text-based-dylib-definition"; name = libsqlite3.0.tbd; path = usr/lib/libsqlite3.0.tbd; sourceTree = SDKROOT; };
		52618F4221A28EAB001B96E9 /* WechatPayService.swift */ = {isa = PBXFileReference; lastKnownFileType = sourcecode.swift; path = WechatPayService.swift; sourceTree = "<group>"; };
		5261905221A46447001B96E9 /* WKScriptMsgHandler.swift */ = {isa = PBXFileReference; lastKnownFileType = sourcecode.swift; path = WKScriptMsgHandler.swift; sourceTree = "<group>"; };
		526190F021A65D57001B96E9 /* WXApi.h */ = {isa = PBXFileReference; fileEncoding = 4; lastKnownFileType = sourcecode.c.h; path = WXApi.h; sourceTree = "<group>"; };
		526190F121A65D57001B96E9 /* WXApiObject.h */ = {isa = PBXFileReference; fileEncoding = 4; lastKnownFileType = sourcecode.c.h; path = WXApiObject.h; sourceTree = "<group>"; };
		526190F221A65D57001B96E9 /* README.txt */ = {isa = PBXFileReference; fileEncoding = 4; lastKnownFileType = text; path = README.txt; sourceTree = "<group>"; };
		526190F321A65D57001B96E9 /* WechatAuthSDK.h */ = {isa = PBXFileReference; fileEncoding = 4; lastKnownFileType = sourcecode.c.h; path = WechatAuthSDK.h; sourceTree = "<group>"; };
		526190F421A65D57001B96E9 /* libWeChatSDK.a */ = {isa = PBXFileReference; lastKnownFileType = archive.ar; path = libWeChatSDK.a; sourceTree = "<group>"; };
		526190F521A65D57001B96E9 /* WechatExecutor.swift */ = {isa = PBXFileReference; fileEncoding = 4; lastKnownFileType = sourcecode.swift; path = WechatExecutor.swift; sourceTree = "<group>"; };
		526190F621A65D57001B96E9 /* WXApiManager.swift */ = {isa = PBXFileReference; fileEncoding = 4; lastKnownFileType = sourcecode.swift; path = WXApiManager.swift; sourceTree = "<group>"; };
		526190FC21A65DF0001B96E9 /* AlipayExecutor.swift */ = {isa = PBXFileReference; lastKnownFileType = sourcecode.swift; path = AlipayExecutor.swift; sourceTree = "<group>"; };
		526190FE21A6812B001B96E9 /* AlipaySDK.framework */ = {isa = PBXFileReference; lastKnownFileType = wrapper.framework; path = AlipaySDK.framework; sourceTree = "<group>"; };
		526190FF21A6812B001B96E9 /* AlipaySDK.bundle */ = {isa = PBXFileReference; lastKnownFileType = "wrapper.plug-in"; path = AlipaySDK.bundle; sourceTree = "<group>"; };
		5275F8902179B51C007248AB /* libc++.tbd */ = {isa = PBXFileReference; lastKnownFileType = "sourcecode.text-based-dylib-definition"; name = "libc++.tbd"; path = "usr/lib/libc++.tbd"; sourceTree = SDKROOT; };
		5275F8922179B528007248AB /* libz.tbd */ = {isa = PBXFileReference; lastKnownFileType = "sourcecode.text-based-dylib-definition"; name = libz.tbd; path = usr/lib/libz.tbd; sourceTree = SDKROOT; };
		5275F8942179B531007248AB /* SystemConfiguration.framework */ = {isa = PBXFileReference; lastKnownFileType = wrapper.framework; name = SystemConfiguration.framework; path = System/Library/Frameworks/SystemConfiguration.framework; sourceTree = SDKROOT; };
		5275F8962179B53D007248AB /* CoreTelephony.framework */ = {isa = PBXFileReference; lastKnownFileType = wrapper.framework; name = CoreTelephony.framework; path = System/Library/Frameworks/CoreTelephony.framework; sourceTree = SDKROOT; };
		5275F8982179B549007248AB /* QuartzCore.framework */ = {isa = PBXFileReference; lastKnownFileType = wrapper.framework; name = QuartzCore.framework; path = System/Library/Frameworks/QuartzCore.framework; sourceTree = SDKROOT; };
		5275F89A2179B54E007248AB /* CoreText.framework */ = {isa = PBXFileReference; lastKnownFileType = wrapper.framework; name = CoreText.framework; path = System/Library/Frameworks/CoreText.framework; sourceTree = SDKROOT; };
		5275F89C2179B557007248AB /* CoreGraphics.framework */ = {isa = PBXFileReference; lastKnownFileType = wrapper.framework; name = CoreGraphics.framework; path = System/Library/Frameworks/CoreGraphics.framework; sourceTree = SDKROOT; };
		5275F89E2179B560007248AB /* UIKit.framework */ = {isa = PBXFileReference; lastKnownFileType = wrapper.framework; name = UIKit.framework; path = System/Library/Frameworks/UIKit.framework; sourceTree = SDKROOT; };
		5275F8A02179B569007248AB /* Foundation.framework */ = {isa = PBXFileReference; lastKnownFileType = wrapper.framework; name = Foundation.framework; path = System/Library/Frameworks/Foundation.framework; sourceTree = SDKROOT; };
		5275F8A22179B573007248AB /* CFNetwork.framework */ = {isa = PBXFileReference; lastKnownFileType = wrapper.framework; name = CFNetwork.framework; path = System/Library/Frameworks/CFNetwork.framework; sourceTree = SDKROOT; };
		5275F8A42179B57C007248AB /* CoreMotion.framework */ = {isa = PBXFileReference; lastKnownFileType = wrapper.framework; name = CoreMotion.framework; path = System/Library/Frameworks/CoreMotion.framework; sourceTree = SDKROOT; };
		5275F8FF2179C53A007248AB /* OrderPlace.swift */ = {isa = PBXFileReference; fileEncoding = 4; lastKnownFileType = sourcecode.swift; path = OrderPlace.swift; sourceTree = "<group>"; };
		5275F9002179C53A007248AB /* OrderViewController.swift */ = {isa = PBXFileReference; fileEncoding = 4; lastKnownFileType = sourcecode.swift; path = OrderViewController.swift; sourceTree = "<group>"; };
		5275F9012179C53A007248AB /* ConfigService.swift */ = {isa = PBXFileReference; fileEncoding = 4; lastKnownFileType = sourcecode.swift; path = ConfigService.swift; sourceTree = "<group>"; };
		5275F9042179C53A007248AB /* AlipayService.swift */ = {isa = PBXFileReference; fileEncoding = 4; lastKnownFileType = sourcecode.swift; path = AlipayService.swift; sourceTree = "<group>"; };
		5275F9062179C53A007248AB /* ScannerService.swift */ = {isa = PBXFileReference; fileEncoding = 4; lastKnownFileType = sourcecode.swift; path = ScannerService.swift; sourceTree = "<group>"; };
		5275F9072179C53A007248AB /* GpsService.swift */ = {isa = PBXFileReference; fileEncoding = 4; lastKnownFileType = sourcecode.swift; path = GpsService.swift; sourceTree = "<group>"; };
		5275F9082179C53A007248AB /* CallbackHandler.swift */ = {isa = PBXFileReference; fileEncoding = 4; lastKnownFileType = sourcecode.swift; path = CallbackHandler.swift; sourceTree = "<group>"; };
		5275F9092179C53A007248AB /* ScannerViewController.swift */ = {isa = PBXFileReference; fileEncoding = 4; lastKnownFileType = sourcecode.swift; path = ScannerViewController.swift; sourceTree = "<group>"; };
		5275F90A2179C53A007248AB /* OrderPlaceService.swift */ = {isa = PBXFileReference; fileEncoding = 4; lastKnownFileType = sourcecode.swift; path = OrderPlaceService.swift; sourceTree = "<group>"; };
		5275F90D2179C53A007248AB /* OrderPlaceStoryboard.storyboard */ = {isa = PBXFileReference; fileEncoding = 4; lastKnownFileType = file.storyboard; path = OrderPlaceStoryboard.storyboard; sourceTree = "<group>"; };
		5275F91A2179C54F007248AB /* OrderPlaceSdk_Bridging_Header.h */ = {isa = PBXFileReference; fileEncoding = 4; lastKnownFileType = sourcecode.c.h; path = OrderPlaceSdk_Bridging_Header.h; sourceTree = "<group>"; };
		52F8410421ABD75600579EE4 /* ApplepayService.swift */ = {isa = PBXFileReference; fileEncoding = 4; lastKnownFileType = sourcecode.swift; path = ApplepayService.swift; sourceTree = "<group>"; };
		607FACD01AFB9204008FA782 /* OrderPlaceSdk_Example.app */ = {isa = PBXFileReference; explicitFileType = wrapper.application; includeInIndex = 0; path = OrderPlaceSdk_Example.app; sourceTree = BUILT_PRODUCTS_DIR; };
		607FACD41AFB9204008FA782 /* Info.plist */ = {isa = PBXFileReference; lastKnownFileType = text.plist.xml; path = Info.plist; sourceTree = "<group>"; };
		607FACD51AFB9204008FA782 /* AppDelegate.swift */ = {isa = PBXFileReference; lastKnownFileType = sourcecode.swift; path = AppDelegate.swift; sourceTree = "<group>"; };
		607FACD71AFB9204008FA782 /* ViewController.swift */ = {isa = PBXFileReference; lastKnownFileType = sourcecode.swift; path = ViewController.swift; sourceTree = "<group>"; };
		607FACDA1AFB9204008FA782 /* Base */ = {isa = PBXFileReference; lastKnownFileType = file.storyboard; name = Base; path = Base.lproj/Main.storyboard; sourceTree = "<group>"; };
		607FACDC1AFB9204008FA782 /* Images.xcassets */ = {isa = PBXFileReference; lastKnownFileType = folder.assetcatalog; path = Images.xcassets; sourceTree = "<group>"; };
		607FACDF1AFB9204008FA782 /* Base */ = {isa = PBXFileReference; lastKnownFileType = file.xib; name = Base; path = Base.lproj/LaunchScreen.xib; sourceTree = "<group>"; };
		607FACE51AFB9204008FA782 /* OrderPlaceSdk_Tests.xctest */ = {isa = PBXFileReference; explicitFileType = wrapper.cfbundle; includeInIndex = 0; path = OrderPlaceSdk_Tests.xctest; sourceTree = BUILT_PRODUCTS_DIR; };
		607FACEA1AFB9204008FA782 /* Info.plist */ = {isa = PBXFileReference; lastKnownFileType = text.plist.xml; path = Info.plist; sourceTree = "<group>"; };
		698BA980E68B4CEFFFC056B8 /* OrderPlaceSdk.podspec */ = {isa = PBXFileReference; includeInIndex = 1; lastKnownFileType = text; name = OrderPlaceSdk.podspec; path = ../OrderPlaceSdk.podspec; sourceTree = "<group>"; xcLanguageSpecificationIdentifier = xcode.lang.ruby; };
		72809CBB793C3FE10084D2BE /* Pods-OrderPlaceSdk_Example.release.xcconfig */ = {isa = PBXFileReference; includeInIndex = 1; lastKnownFileType = text.xcconfig; name = "Pods-OrderPlaceSdk_Example.release.xcconfig"; path = "Pods/Target Support Files/Pods-OrderPlaceSdk_Example/Pods-OrderPlaceSdk_Example.release.xcconfig"; sourceTree = "<group>"; };
		91B560CF1385DD42A41BCD57 /* Pods-OrderPlaceSdk_Tests.release.xcconfig */ = {isa = PBXFileReference; includeInIndex = 1; lastKnownFileType = text.xcconfig; name = "Pods-OrderPlaceSdk_Tests.release.xcconfig"; path = "Pods/Target Support Files/Pods-OrderPlaceSdk_Tests/Pods-OrderPlaceSdk_Tests.release.xcconfig"; sourceTree = "<group>"; };
		A437BFB7CEA72FA34CA5D29C /* Pods-OrderPlaceSdk_Tests.debug.xcconfig */ = {isa = PBXFileReference; includeInIndex = 1; lastKnownFileType = text.xcconfig; name = "Pods-OrderPlaceSdk_Tests.debug.xcconfig"; path = "Pods/Target Support Files/Pods-OrderPlaceSdk_Tests/Pods-OrderPlaceSdk_Tests.debug.xcconfig"; sourceTree = "<group>"; };
		BA70002BDD5955EEBE371429 /* Pods-OrderPlaceSdk_Example.debug.xcconfig */ = {isa = PBXFileReference; includeInIndex = 1; lastKnownFileType = text.xcconfig; name = "Pods-OrderPlaceSdk_Example.debug.xcconfig"; path = "Pods/Target Support Files/Pods-OrderPlaceSdk_Example/Pods-OrderPlaceSdk_Example.debug.xcconfig"; sourceTree = "<group>"; };
		BF92C9F466A64E51E7BD7D83 /* Pods_OrderPlaceSdk_Tests.framework */ = {isa = PBXFileReference; explicitFileType = wrapper.framework; includeInIndex = 0; path = Pods_OrderPlaceSdk_Tests.framework; sourceTree = BUILT_PRODUCTS_DIR; };
		DC92880FACDB6A463AA51D76 /* README.md */ = {isa = PBXFileReference; includeInIndex = 1; lastKnownFileType = net.daringfireball.markdown; name = README.md; path = ../README.md; sourceTree = "<group>"; };
/* End PBXFileReference section */

/* Begin PBXFrameworksBuildPhase section */
		607FACCD1AFB9204008FA782 /* Frameworks */ = {
			isa = PBXFrameworksBuildPhase;
			buildActionMask = 2147483647;
			files = (
				52618F3821A26266001B96E9 /* libsqlite3.0.tbd in Frameworks */,
				5261910021A6812B001B96E9 /* AlipaySDK.framework in Frameworks */,
				52618F3621A261B7001B96E9 /* Security.framework in Frameworks */,
				526190F821A65D57001B96E9 /* libWeChatSDK.a in Frameworks */,
				5275F8A52179B57C007248AB /* CoreMotion.framework in Frameworks */,
				5275F8A32179B573007248AB /* CFNetwork.framework in Frameworks */,
				5275F8A12179B569007248AB /* Foundation.framework in Frameworks */,
				5275F89F2179B560007248AB /* UIKit.framework in Frameworks */,
				5275F89D2179B557007248AB /* CoreGraphics.framework in Frameworks */,
				5275F89B2179B54E007248AB /* CoreText.framework in Frameworks */,
				5275F8992179B549007248AB /* QuartzCore.framework in Frameworks */,
				5275F8972179B53D007248AB /* CoreTelephony.framework in Frameworks */,
				5275F8952179B531007248AB /* SystemConfiguration.framework in Frameworks */,
				5275F8932179B529007248AB /* libz.tbd in Frameworks */,
				5275F8912179B51C007248AB /* libc++.tbd in Frameworks */,
				679C40D1A9E0C6FB0684C540 /* Pods_OrderPlaceSdk_Example.framework in Frameworks */,
			);
			runOnlyForDeploymentPostprocessing = 0;
		};
		607FACE21AFB9204008FA782 /* Frameworks */ = {
			isa = PBXFrameworksBuildPhase;
			buildActionMask = 2147483647;
			files = (
				F3F609EFA07A41D0DD81C4A3 /* Pods_OrderPlaceSdk_Tests.framework in Frameworks */,
			);
			runOnlyForDeploymentPostprocessing = 0;
		};
/* End PBXFrameworksBuildPhase section */

/* Begin PBXGroup section */
		52618F4121A28E49001B96E9 /* wechatPay */ = {
			isa = PBXGroup;
			children = (
				52618F4221A28EAB001B96E9 /* WechatPayService.swift */,
			);
			path = wechatPay;
			sourceTree = "<group>";
		};
		526190EE21A65D57001B96E9 /* WechatFramework */ = {
			isa = PBXGroup;
			children = (
				526190EF21A65D57001B96E9 /* WeChatSDK1.8.3 */,
				526190F521A65D57001B96E9 /* WechatExecutor.swift */,
				526190F621A65D57001B96E9 /* WXApiManager.swift */,
			);
			name = WechatFramework;
			path = OrderPlaceSdk/WechatFramework;
			sourceTree = SOURCE_ROOT;
		};
		526190EF21A65D57001B96E9 /* WeChatSDK1.8.3 */ = {
			isa = PBXGroup;
			children = (
				526190F021A65D57001B96E9 /* WXApi.h */,
				526190F121A65D57001B96E9 /* WXApiObject.h */,
				526190F221A65D57001B96E9 /* README.txt */,
				526190F321A65D57001B96E9 /* WechatAuthSDK.h */,
				526190F421A65D57001B96E9 /* libWeChatSDK.a */,
			);
			path = WeChatSDK1.8.3;
			sourceTree = "<group>";
		};
		526190FB21A65DD1001B96E9 /* alipayFramework */ = {
			isa = PBXGroup;
			children = (
				526190FF21A6812B001B96E9 /* AlipaySDK.bundle */,
				526190FE21A6812B001B96E9 /* AlipaySDK.framework */,
				526190FC21A65DF0001B96E9 /* AlipayExecutor.swift */,
			);
			name = alipayFramework;
			path = OrderPlaceSdk/alipayFramework;
			sourceTree = SOURCE_ROOT;
		};
		5275F8872179B402007248AB /* Example */ = {
			isa = PBXGroup;
			children = (
				5275F8FD2179C53A007248AB /* OrderPlace */,
			);
			name = Example;
			sourceTree = "<group>";
		};
		5275F8FD2179C53A007248AB /* OrderPlace */ = {
			isa = PBXGroup;
			children = (
				526190FB21A65DD1001B96E9 /* alipayFramework */,
				526190EE21A65D57001B96E9 /* WechatFramework */,
				5275F8FE2179C53A007248AB /* Classes */,
				5275F90B2179C53A007248AB /* Assets */,
			);
			path = OrderPlace;
			sourceTree = "<group>";
		};
		5275F8FE2179C53A007248AB /* Classes */ = {
			isa = PBXGroup;
			children = (
				52618F4121A28E49001B96E9 /* wechatPay */,
				5275F9032179C53A007248AB /* alipay */,
				5275F9052179C53A007248AB /* scan */,
				5275F9072179C53A007248AB /* GpsService.swift */,
				52F8410321ABD75600579EE4 /* applepay */,
				5275F9082179C53A007248AB /* CallbackHandler.swift */,
				5275F8FF2179C53A007248AB /* OrderPlace.swift */,
				5275F9002179C53A007248AB /* OrderViewController.swift */,
				5275F9012179C53A007248AB /* ConfigService.swift */,
				5275F9092179C53A007248AB /* ScannerViewController.swift */,
				5275F90A2179C53A007248AB /* OrderPlaceService.swift */,
				5261905221A46447001B96E9 /* WKScriptMsgHandler.swift */,
			);
			path = Classes;
			sourceTree = "<group>";
		};
		5275F9032179C53A007248AB /* alipay */ = {
			isa = PBXGroup;
			children = (
				5275F9042179C53A007248AB /* AlipayService.swift */,
			);
			path = alipay;
			sourceTree = "<group>";
		};
		5275F9052179C53A007248AB /* scan */ = {
			isa = PBXGroup;
			children = (
				5275F9062179C53A007248AB /* ScannerService.swift */,
			);
			path = scan;
			sourceTree = "<group>";
		};
		5275F90B2179C53A007248AB /* Assets */ = {
			isa = PBXGroup;
			children = (
				5275F90D2179C53A007248AB /* OrderPlaceStoryboard.storyboard */,
			);
			path = Assets;
			sourceTree = "<group>";
		};
		52F8410321ABD75600579EE4 /* applepay */ = {
			isa = PBXGroup;
			children = (
				52F8410421ABD75600579EE4 /* ApplepayService.swift */,
			);
			path = applepay;
			sourceTree = "<group>";
		};
		607FACC71AFB9204008FA782 = {
			isa = PBXGroup;
			children = (
				5275F91A2179C54F007248AB /* OrderPlaceSdk_Bridging_Header.h */,
				607FACF51AFB993E008FA782 /* Podspec Metadata */,
				607FACD21AFB9204008FA782 /* Example for OrderPlaceSdk */,
				607FACE81AFB9204008FA782 /* Tests */,
				607FACD11AFB9204008FA782 /* Products */,
				861F532C6EF23AE71FAAD175 /* Pods */,
				A2F9398A79F9DE5206E56727 /* Frameworks */,
			);
			sourceTree = "<group>";
		};
		607FACD11AFB9204008FA782 /* Products */ = {
			isa = PBXGroup;
			children = (
				607FACD01AFB9204008FA782 /* OrderPlaceSdk_Example.app */,
				607FACE51AFB9204008FA782 /* OrderPlaceSdk_Tests.xctest */,
			);
			name = Products;
			sourceTree = "<group>";
		};
		607FACD21AFB9204008FA782 /* Example for OrderPlaceSdk */ = {
			isa = PBXGroup;
			children = (
				5275F8872179B402007248AB /* Example */,
				607FACD51AFB9204008FA782 /* AppDelegate.swift */,
				607FACD71AFB9204008FA782 /* ViewController.swift */,
				607FACD91AFB9204008FA782 /* Main.storyboard */,
				607FACDC1AFB9204008FA782 /* Images.xcassets */,
				607FACDE1AFB9204008FA782 /* LaunchScreen.xib */,
				607FACD31AFB9204008FA782 /* Supporting Files */,
			);
			name = "Example for OrderPlaceSdk";
			path = OrderPlaceSdk;
			sourceTree = "<group>";
		};
		607FACD31AFB9204008FA782 /* Supporting Files */ = {
			isa = PBXGroup;
			children = (
				607FACD41AFB9204008FA782 /* Info.plist */,
			);
			name = "Supporting Files";
			sourceTree = "<group>";
		};
		607FACE81AFB9204008FA782 /* Tests */ = {
			isa = PBXGroup;
			children = (
				607FACE91AFB9204008FA782 /* Supporting Files */,
			);
			path = Tests;
			sourceTree = "<group>";
		};
		607FACE91AFB9204008FA782 /* Supporting Files */ = {
			isa = PBXGroup;
			children = (
				607FACEA1AFB9204008FA782 /* Info.plist */,
			);
			name = "Supporting Files";
			sourceTree = "<group>";
		};
		607FACF51AFB993E008FA782 /* Podspec Metadata */ = {
			isa = PBXGroup;
			children = (
				698BA980E68B4CEFFFC056B8 /* OrderPlaceSdk.podspec */,
				DC92880FACDB6A463AA51D76 /* README.md */,
				050486A825AED2C4BBD9DD4E /* LICENSE */,
			);
			name = "Podspec Metadata";
			sourceTree = "<group>";
		};
		861F532C6EF23AE71FAAD175 /* Pods */ = {
			isa = PBXGroup;
			children = (
				BA70002BDD5955EEBE371429 /* Pods-OrderPlaceSdk_Example.debug.xcconfig */,
				72809CBB793C3FE10084D2BE /* Pods-OrderPlaceSdk_Example.release.xcconfig */,
				A437BFB7CEA72FA34CA5D29C /* Pods-OrderPlaceSdk_Tests.debug.xcconfig */,
				91B560CF1385DD42A41BCD57 /* Pods-OrderPlaceSdk_Tests.release.xcconfig */,
			);
			name = Pods;
			sourceTree = "<group>";
		};
		A2F9398A79F9DE5206E56727 /* Frameworks */ = {
			isa = PBXGroup;
			children = (
				52618F3721A26266001B96E9 /* libsqlite3.0.tbd */,
				52618F3521A261B7001B96E9 /* Security.framework */,
				5275F8A42179B57C007248AB /* CoreMotion.framework */,
				5275F8A22179B573007248AB /* CFNetwork.framework */,
				5275F8A02179B569007248AB /* Foundation.framework */,
				5275F89E2179B560007248AB /* UIKit.framework */,
				5275F89C2179B557007248AB /* CoreGraphics.framework */,
				5275F89A2179B54E007248AB /* CoreText.framework */,
				5275F8982179B549007248AB /* QuartzCore.framework */,
				5275F8962179B53D007248AB /* CoreTelephony.framework */,
				5275F8942179B531007248AB /* SystemConfiguration.framework */,
				5275F8922179B528007248AB /* libz.tbd */,
				5275F8902179B51C007248AB /* libc++.tbd */,
				1F2C946932A321B168E6B681 /* Pods_OrderPlaceSdk_Example.framework */,
				BF92C9F466A64E51E7BD7D83 /* Pods_OrderPlaceSdk_Tests.framework */,
			);
			name = Frameworks;
			sourceTree = "<group>";
		};
/* End PBXGroup section */

/* Begin PBXNativeTarget section */
		607FACCF1AFB9204008FA782 /* OrderPlaceSdk_Example */ = {
			isa = PBXNativeTarget;
			buildConfigurationList = 607FACEF1AFB9204008FA782 /* Build configuration list for PBXNativeTarget "OrderPlaceSdk_Example" */;
			buildPhases = (
				727020DA52F7B262478F7AB8 /* [CP] Check Pods Manifest.lock */,
				607FACCC1AFB9204008FA782 /* Sources */,
				607FACCD1AFB9204008FA782 /* Frameworks */,
				607FACCE1AFB9204008FA782 /* Resources */,
			);
			buildRules = (
			);
			dependencies = (
			);
			name = OrderPlaceSdk_Example;
			productName = OrderPlaceSdk;
			productReference = 607FACD01AFB9204008FA782 /* OrderPlaceSdk_Example.app */;
			productType = "com.apple.product-type.application";
		};
		607FACE41AFB9204008FA782 /* OrderPlaceSdk_Tests */ = {
			isa = PBXNativeTarget;
			buildConfigurationList = 607FACF21AFB9204008FA782 /* Build configuration list for PBXNativeTarget "OrderPlaceSdk_Tests" */;
			buildPhases = (
				21F7367BB3A5A19E2C4D63DA /* [CP] Check Pods Manifest.lock */,
				607FACE11AFB9204008FA782 /* Sources */,
				607FACE21AFB9204008FA782 /* Frameworks */,
				607FACE31AFB9204008FA782 /* Resources */,
			);
			buildRules = (
			);
			dependencies = (
				607FACE71AFB9204008FA782 /* PBXTargetDependency */,
			);
			name = OrderPlaceSdk_Tests;
			productName = Tests;
			productReference = 607FACE51AFB9204008FA782 /* OrderPlaceSdk_Tests.xctest */;
			productType = "com.apple.product-type.bundle.unit-test";
		};
/* End PBXNativeTarget section */

/* Begin PBXProject section */
		607FACC81AFB9204008FA782 /* Project object */ = {
			isa = PBXProject;
			attributes = {
				LastSwiftUpdateCheck = 0830;
				LastUpgradeCheck = 0830;
				ORGANIZATIONNAME = CocoaPods;
				TargetAttributes = {
					607FACCF1AFB9204008FA782 = {
						CreatedOnToolsVersion = 6.3.1;
						DevelopmentTeam = 36RXHYW79N;
						LastSwiftMigration = 0920;
					};
					607FACE41AFB9204008FA782 = {
						CreatedOnToolsVersion = 6.3.1;
						DevelopmentTeam = 36RXHYW79N;
						LastSwiftMigration = 0900;
						TestTargetID = 607FACCF1AFB9204008FA782;
					};
				};
			};
			buildConfigurationList = 607FACCB1AFB9204008FA782 /* Build configuration list for PBXProject "OrderPlaceSdk" */;
			compatibilityVersion = "Xcode 3.2";
			developmentRegion = English;
			hasScannedForEncodings = 0;
			knownRegions = (
				en,
				Base,
			);
			mainGroup = 607FACC71AFB9204008FA782;
			productRefGroup = 607FACD11AFB9204008FA782 /* Products */;
			projectDirPath = "";
			projectRoot = "";
			targets = (
				607FACCF1AFB9204008FA782 /* OrderPlaceSdk_Example */,
				607FACE41AFB9204008FA782 /* OrderPlaceSdk_Tests */,
			);
		};
/* End PBXProject section */

/* Begin PBXResourcesBuildPhase section */
		607FACCE1AFB9204008FA782 /* Resources */ = {
			isa = PBXResourcesBuildPhase;
			buildActionMask = 2147483647;
			files = (
				5261910121A6812B001B96E9 /* AlipaySDK.bundle in Resources */,
				607FACDB1AFB9204008FA782 /* Main.storyboard in Resources */,
				5275F9192179C53B007248AB /* OrderPlaceStoryboard.storyboard in Resources */,
				607FACE01AFB9204008FA782 /* LaunchScreen.xib in Resources */,
				526190F721A65D57001B96E9 /* README.txt in Resources */,
				607FACDD1AFB9204008FA782 /* Images.xcassets in Resources */,
			);
			runOnlyForDeploymentPostprocessing = 0;
		};
		607FACE31AFB9204008FA782 /* Resources */ = {
			isa = PBXResourcesBuildPhase;
			buildActionMask = 2147483647;
			files = (
			);
			runOnlyForDeploymentPostprocessing = 0;
		};
/* End PBXResourcesBuildPhase section */

/* Begin PBXShellScriptBuildPhase section */
		21F7367BB3A5A19E2C4D63DA /* [CP] Check Pods Manifest.lock */ = {
			isa = PBXShellScriptBuildPhase;
			buildActionMask = 2147483647;
			files = (
			);
			inputPaths = (
				"${PODS_PODFILE_DIR_PATH}/Podfile.lock",
				"${PODS_ROOT}/Manifest.lock",
			);
			name = "[CP] Check Pods Manifest.lock";
			outputPaths = (
				"$(DERIVED_FILE_DIR)/Pods-OrderPlaceSdk_Tests-checkManifestLockResult.txt",
			);
			runOnlyForDeploymentPostprocessing = 0;
			shellPath = /bin/sh;
			shellScript = "diff \"${PODS_PODFILE_DIR_PATH}/Podfile.lock\" \"${PODS_ROOT}/Manifest.lock\" > /dev/null\nif [ $? != 0 ] ; then\n    # print error to STDERR\n    echo \"error: The sandbox is not in sync with the Podfile.lock. Run 'pod install' or update your CocoaPods installation.\" >&2\n    exit 1\nfi\n# This output is used by Xcode 'outputs' to avoid re-running this script phase.\necho \"SUCCESS\" > \"${SCRIPT_OUTPUT_FILE_0}\"\n";
			showEnvVarsInLog = 0;
		};
		727020DA52F7B262478F7AB8 /* [CP] Check Pods Manifest.lock */ = {
			isa = PBXShellScriptBuildPhase;
			buildActionMask = 2147483647;
			files = (
			);
			inputPaths = (
				"${PODS_PODFILE_DIR_PATH}/Podfile.lock",
				"${PODS_ROOT}/Manifest.lock",
			);
			name = "[CP] Check Pods Manifest.lock";
			outputPaths = (
				"$(DERIVED_FILE_DIR)/Pods-OrderPlaceSdk_Example-checkManifestLockResult.txt",
			);
			runOnlyForDeploymentPostprocessing = 0;
			shellPath = /bin/sh;
			shellScript = "diff \"${PODS_PODFILE_DIR_PATH}/Podfile.lock\" \"${PODS_ROOT}/Manifest.lock\" > /dev/null\nif [ $? != 0 ] ; then\n    # print error to STDERR\n    echo \"error: The sandbox is not in sync with the Podfile.lock. Run 'pod install' or update your CocoaPods installation.\" >&2\n    exit 1\nfi\n# This output is used by Xcode 'outputs' to avoid re-running this script phase.\necho \"SUCCESS\" > \"${SCRIPT_OUTPUT_FILE_0}\"\n";
			showEnvVarsInLog = 0;
		};
/* End PBXShellScriptBuildPhase section */

/* Begin PBXSourcesBuildPhase section */
		607FACCC1AFB9204008FA782 /* Sources */ = {
			isa = PBXSourcesBuildPhase;
			buildActionMask = 2147483647;
			files = (
				52618F4321A28EAB001B96E9 /* WechatPayService.swift in Sources */,
				52C0B6882181B1BD007A4BE2 /* OrderViewController.swift in Sources */,
				526190F921A65D57001B96E9 /* WechatExecutor.swift in Sources */,
				5275F9152179C53B007248AB /* CallbackHandler.swift in Sources */,
				5261905321A46447001B96E9 /* WKScriptMsgHandler.swift in Sources */,
				607FACD81AFB9204008FA782 /* ViewController.swift in Sources */,
				5275F9172179C53B007248AB /* OrderPlaceService.swift in Sources */,
				5275F90E2179C53B007248AB /* OrderPlace.swift in Sources */,
				5275F9162179C53B007248AB /* ScannerViewController.swift in Sources */,
				526190FA21A65D57001B96E9 /* WXApiManager.swift in Sources */,
				607FACD61AFB9204008FA782 /* AppDelegate.swift in Sources */,
				5275F9122179C53B007248AB /* AlipayService.swift in Sources */,
				5275F9132179C53B007248AB /* ScannerService.swift in Sources */,
				5275F9142179C53B007248AB /* GpsService.swift in Sources */,
				52F8410521ABD75600579EE4 /* ApplepayService.swift in Sources */,
				526190FD21A65DF0001B96E9 /* AlipayExecutor.swift in Sources */,
				5275F9102179C53B007248AB /* ConfigService.swift in Sources */,
			);
			runOnlyForDeploymentPostprocessing = 0;
		};
		607FACE11AFB9204008FA782 /* Sources */ = {
			isa = PBXSourcesBuildPhase;
			buildActionMask = 2147483647;
			files = (
			);
			runOnlyForDeploymentPostprocessing = 0;
		};
/* End PBXSourcesBuildPhase section */

/* Begin PBXTargetDependency section */
		607FACE71AFB9204008FA782 /* PBXTargetDependency */ = {
			isa = PBXTargetDependency;
			target = 607FACCF1AFB9204008FA782 /* OrderPlaceSdk_Example */;
			targetProxy = 607FACE61AFB9204008FA782 /* PBXContainerItemProxy */;
		};
/* End PBXTargetDependency section */

/* Begin PBXVariantGroup section */
		607FACD91AFB9204008FA782 /* Main.storyboard */ = {
			isa = PBXVariantGroup;
			children = (
				607FACDA1AFB9204008FA782 /* Base */,
			);
			name = Main.storyboard;
			sourceTree = "<group>";
		};
		607FACDE1AFB9204008FA782 /* LaunchScreen.xib */ = {
			isa = PBXVariantGroup;
			children = (
				607FACDF1AFB9204008FA782 /* Base */,
			);
			name = LaunchScreen.xib;
			sourceTree = "<group>";
		};
/* End PBXVariantGroup section */

/* Begin XCBuildConfiguration section */
		607FACED1AFB9204008FA782 /* Debug */ = {
			isa = XCBuildConfiguration;
			buildSettings = {
				ALWAYS_SEARCH_USER_PATHS = NO;
				CLANG_CXX_LANGUAGE_STANDARD = "gnu++0x";
				CLANG_CXX_LIBRARY = "libc++";
				CLANG_ENABLE_MODULES = YES;
				CLANG_ENABLE_OBJC_ARC = YES;
				CLANG_WARN_BLOCK_CAPTURE_AUTORELEASING = YES;
				CLANG_WARN_BOOL_CONVERSION = YES;
				CLANG_WARN_COMMA = YES;
				CLANG_WARN_CONSTANT_CONVERSION = YES;
				CLANG_WARN_DIRECT_OBJC_ISA_USAGE = YES_ERROR;
				CLANG_WARN_EMPTY_BODY = YES;
				CLANG_WARN_ENUM_CONVERSION = YES;
				CLANG_WARN_INFINITE_RECURSION = YES;
				CLANG_WARN_INT_CONVERSION = YES;
				CLANG_WARN_NON_LITERAL_NULL_CONVERSION = YES;
				CLANG_WARN_OBJC_LITERAL_CONVERSION = YES;
				CLANG_WARN_OBJC_ROOT_CLASS = YES_ERROR;
				CLANG_WARN_RANGE_LOOP_ANALYSIS = YES;
				CLANG_WARN_STRICT_PROTOTYPES = YES;
				CLANG_WARN_SUSPICIOUS_MOVE = YES;
				CLANG_WARN_UNREACHABLE_CODE = YES;
				CLANG_WARN__DUPLICATE_METHOD_MATCH = YES;
				"CODE_SIGN_IDENTITY[sdk=iphoneos*]" = "iPhone Developer";
				COPY_PHASE_STRIP = NO;
				DEBUG_INFORMATION_FORMAT = "dwarf-with-dsym";
				ENABLE_STRICT_OBJC_MSGSEND = YES;
				ENABLE_TESTABILITY = YES;
				GCC_C_LANGUAGE_STANDARD = gnu99;
				GCC_DYNAMIC_NO_PIC = NO;
				GCC_NO_COMMON_BLOCKS = YES;
				GCC_OPTIMIZATION_LEVEL = 0;
				GCC_PREPROCESSOR_DEFINITIONS = (
					"DEBUG=1",
					"$(inherited)",
				);
				GCC_SYMBOLS_PRIVATE_EXTERN = NO;
				GCC_WARN_64_TO_32_BIT_CONVERSION = YES;
				GCC_WARN_ABOUT_RETURN_TYPE = YES_ERROR;
				GCC_WARN_UNDECLARED_SELECTOR = YES;
				GCC_WARN_UNINITIALIZED_AUTOS = YES_AGGRESSIVE;
				GCC_WARN_UNUSED_FUNCTION = YES;
				GCC_WARN_UNUSED_VARIABLE = YES;
				IPHONEOS_DEPLOYMENT_TARGET = 9.3;
				MTL_ENABLE_DEBUG_INFO = YES;
				ONLY_ACTIVE_ARCH = YES;
				SDKROOT = iphoneos;
				SWIFT_OPTIMIZATION_LEVEL = "-Onone";
			};
			name = Debug;
		};
		607FACEE1AFB9204008FA782 /* Release */ = {
			isa = XCBuildConfiguration;
			buildSettings = {
				ALWAYS_SEARCH_USER_PATHS = NO;
				CLANG_CXX_LANGUAGE_STANDARD = "gnu++0x";
				CLANG_CXX_LIBRARY = "libc++";
				CLANG_ENABLE_MODULES = YES;
				CLANG_ENABLE_OBJC_ARC = YES;
				CLANG_WARN_BLOCK_CAPTURE_AUTORELEASING = YES;
				CLANG_WARN_BOOL_CONVERSION = YES;
				CLANG_WARN_COMMA = YES;
				CLANG_WARN_CONSTANT_CONVERSION = YES;
				CLANG_WARN_DIRECT_OBJC_ISA_USAGE = YES_ERROR;
				CLANG_WARN_EMPTY_BODY = YES;
				CLANG_WARN_ENUM_CONVERSION = YES;
				CLANG_WARN_INFINITE_RECURSION = YES;
				CLANG_WARN_INT_CONVERSION = YES;
				CLANG_WARN_NON_LITERAL_NULL_CONVERSION = YES;
				CLANG_WARN_OBJC_LITERAL_CONVERSION = YES;
				CLANG_WARN_OBJC_ROOT_CLASS = YES_ERROR;
				CLANG_WARN_RANGE_LOOP_ANALYSIS = YES;
				CLANG_WARN_STRICT_PROTOTYPES = YES;
				CLANG_WARN_SUSPICIOUS_MOVE = YES;
				CLANG_WARN_UNREACHABLE_CODE = YES;
				CLANG_WARN__DUPLICATE_METHOD_MATCH = YES;
				"CODE_SIGN_IDENTITY[sdk=iphoneos*]" = "iPhone Developer";
				COPY_PHASE_STRIP = NO;
				DEBUG_INFORMATION_FORMAT = "dwarf-with-dsym";
				ENABLE_NS_ASSERTIONS = NO;
				ENABLE_STRICT_OBJC_MSGSEND = YES;
				GCC_C_LANGUAGE_STANDARD = gnu99;
				GCC_NO_COMMON_BLOCKS = YES;
				GCC_WARN_64_TO_32_BIT_CONVERSION = YES;
				GCC_WARN_ABOUT_RETURN_TYPE = YES_ERROR;
				GCC_WARN_UNDECLARED_SELECTOR = YES;
				GCC_WARN_UNINITIALIZED_AUTOS = YES_AGGRESSIVE;
				GCC_WARN_UNUSED_FUNCTION = YES;
				GCC_WARN_UNUSED_VARIABLE = YES;
				IPHONEOS_DEPLOYMENT_TARGET = 9.3;
				MTL_ENABLE_DEBUG_INFO = NO;
				SDKROOT = iphoneos;
				SWIFT_OPTIMIZATION_LEVEL = "-Owholemodule";
				VALIDATE_PRODUCT = YES;
			};
			name = Release;
		};
		607FACF01AFB9204008FA782 /* Debug */ = {
			isa = XCBuildConfiguration;
			baseConfigurationReference = BA70002BDD5955EEBE371429 /* Pods-OrderPlaceSdk_Example.debug.xcconfig */;
			buildSettings = {
				ASSETCATALOG_COMPILER_APPICON_NAME = AppIcon;
				CLANG_ENABLE_MODULES = YES;
				DEVELOPMENT_TEAM = 36RXHYW79N;
				FRAMEWORK_SEARCH_PATHS = (
					"$(inherited)",
					"$(PROJECT_DIR)/OrderPlaceSdk",
					"$(PROJECT_DIR)/OrderPlaceSdk/alipayFramework",
				);
				HEADER_SEARCH_PATHS = "$(SRCROOT)/OrderPlaceSdk";
				INFOPLIST_FILE = OrderPlaceSdk/Info.plist;
				LD_RUNPATH_SEARCH_PATHS = "$(inherited) @executable_path/Frameworks";
				LIBRARY_SEARCH_PATHS = (
					"$(inherited)",
					"$(PROJECT_DIR)/OrderPlaceSdk/WechtSDK1.8.2",
					"$(PROJECT_DIR)/OrderPlaceSdk/WeChatSDK1.8.3",
					"$(PROJECT_DIR)/OrderPlaceSdk/WechatFramework/WeChatSDK1.8.3",
				);
				MODULE_NAME = ExampleApp;
				OTHER_LDFLAGS = (
					"-Objc",
					"-all_load",
				);
				PRODUCT_BUNDLE_IDENTIFIER = "org.cocoapods.demo.$(PRODUCT_NAME:rfc1034identifier)";
				PRODUCT_NAME = "$(TARGET_NAME)";
				SWIFT_OBJC_BRIDGING_HEADER = "$(SRCROOT)/OrderPlaceSdk_Bridging_Header.h";
				SWIFT_OPTIMIZATION_LEVEL = "-Onone";
				SWIFT_SWIFT3_OBJC_INFERENCE = Default;
				SWIFT_VERSION = 4.0;
			};
			name = Debug;
		};
		607FACF11AFB9204008FA782 /* Release */ = {
			isa = XCBuildConfiguration;
			baseConfigurationReference = 72809CBB793C3FE10084D2BE /* Pods-OrderPlaceSdk_Example.release.xcconfig */;
			buildSettings = {
				ASSETCATALOG_COMPILER_APPICON_NAME = AppIcon;
				CLANG_ENABLE_MODULES = YES;
				DEVELOPMENT_TEAM = 36RXHYW79N;
				FRAMEWORK_SEARCH_PATHS = (
					"$(inherited)",
					"$(PROJECT_DIR)/OrderPlaceSdk",
					"$(PROJECT_DIR)/OrderPlaceSdk/alipayFramework",
				);
				HEADER_SEARCH_PATHS = "$(SRCROOT)/OrderPlaceSdk";
				INFOPLIST_FILE = OrderPlaceSdk/Info.plist;
				LD_RUNPATH_SEARCH_PATHS = "$(inherited) @executable_path/Frameworks";
				LIBRARY_SEARCH_PATHS = (
					"$(inherited)",
					"$(PROJECT_DIR)/OrderPlaceSdk/WechtSDK1.8.2",
					"$(PROJECT_DIR)/OrderPlaceSdk/WeChatSDK1.8.3",
					"$(PROJECT_DIR)/OrderPlaceSdk/WechatFramework/WeChatSDK1.8.3",
				);
				MODULE_NAME = ExampleApp;
				OTHER_LDFLAGS = (
					"-Objc",
					"-all_load",
				);
				PRODUCT_BUNDLE_IDENTIFIER = "org.cocoapods.demo.$(PRODUCT_NAME:rfc1034identifier)";
				PRODUCT_NAME = "$(TARGET_NAME)";
				SWIFT_OBJC_BRIDGING_HEADER = "$(SRCROOT)/OrderPlaceSdk_Bridging_Header.h";
				SWIFT_SWIFT3_OBJC_INFERENCE = Default;
				SWIFT_VERSION = 4.0;
			};
			name = Release;
		};
		607FACF31AFB9204008FA782 /* Debug */ = {
			isa = XCBuildConfiguration;
			baseConfigurationReference = A437BFB7CEA72FA34CA5D29C /* Pods-OrderPlaceSdk_Tests.debug.xcconfig */;
			buildSettings = {
				DEVELOPMENT_TEAM = 36RXHYW79N;
				FRAMEWORK_SEARCH_PATHS = (
					"$(SDKROOT)/Developer/Library/Frameworks",
					"$(inherited)",
				);
				GCC_PREPROCESSOR_DEFINITIONS = (
					"DEBUG=1",
					"$(inherited)",
				);
				INFOPLIST_FILE = Tests/Info.plist;
				LD_RUNPATH_SEARCH_PATHS = "$(inherited) @executable_path/Frameworks @loader_path/Frameworks";
				PRODUCT_BUNDLE_IDENTIFIER = "org.cocoapods.$(PRODUCT_NAME:rfc1034identifier)";
				PRODUCT_NAME = "$(TARGET_NAME)";
				SWIFT_SWIFT3_OBJC_INFERENCE = Default;
				SWIFT_VERSION = 4.0;
				TEST_HOST = "$(BUILT_PRODUCTS_DIR)/OrderPlaceSdk_Example.app/OrderPlaceSdk_Example";
			};
			name = Debug;
		};
		607FACF41AFB9204008FA782 /* Release */ = {
			isa = XCBuildConfiguration;
			baseConfigurationReference = 91B560CF1385DD42A41BCD57 /* Pods-OrderPlaceSdk_Tests.release.xcconfig */;
			buildSettings = {
				DEVELOPMENT_TEAM = 36RXHYW79N;
				FRAMEWORK_SEARCH_PATHS = (
					"$(SDKROOT)/Developer/Library/Frameworks",
					"$(inherited)",
				);
				INFOPLIST_FILE = Tests/Info.plist;
				LD_RUNPATH_SEARCH_PATHS = "$(inherited) @executable_path/Frameworks @loader_path/Frameworks";
				PRODUCT_BUNDLE_IDENTIFIER = "org.cocoapods.$(PRODUCT_NAME:rfc1034identifier)";
				PRODUCT_NAME = "$(TARGET_NAME)";
				SWIFT_SWIFT3_OBJC_INFERENCE = Default;
				SWIFT_VERSION = 4.0;
				TEST_HOST = "$(BUILT_PRODUCTS_DIR)/OrderPlaceSdk_Example.app/OrderPlaceSdk_Example";
			};
			name = Release;
		};
/* End XCBuildConfiguration section */

/* Begin XCConfigurationList section */
		607FACCB1AFB9204008FA782 /* Build configuration list for PBXProject "OrderPlaceSdk" */ = {
			isa = XCConfigurationList;
			buildConfigurations = (
				607FACED1AFB9204008FA782 /* Debug */,
				607FACEE1AFB9204008FA782 /* Release */,
			);
			defaultConfigurationIsVisible = 0;
			defaultConfigurationName = Release;
		};
		607FACEF1AFB9204008FA782 /* Build configuration list for PBXNativeTarget "OrderPlaceSdk_Example" */ = {
			isa = XCConfigurationList;
			buildConfigurations = (
				607FACF01AFB9204008FA782 /* Debug */,
				607FACF11AFB9204008FA782 /* Release */,
			);
			defaultConfigurationIsVisible = 0;
			defaultConfigurationName = Release;
		};
		607FACF21AFB9204008FA782 /* Build configuration list for PBXNativeTarget "OrderPlaceSdk_Tests" */ = {
			isa = XCConfigurationList;
			buildConfigurations = (
				607FACF31AFB9204008FA782 /* Debug */,
				607FACF41AFB9204008FA782 /* Release */,
			);
			defaultConfigurationIsVisible = 0;
			defaultConfigurationName = Release;
		};
/* End XCConfigurationList section */
	};
	rootObject = 607FACC81AFB9204008FA782 /* Project object */;
}
